PODS:
  - AWSCore (2.6.31)
  - AWSSNS (2.6.31):
    - AWSCore (= 2.6.31)

DEPENDENCIES:
  - AWSSNS

SPEC REPOS:
  https://github.com/cocoapods/specs.git:
    - AWSCore
    - AWSSNS

SPEC CHECKSUMS:
  AWSCore: c7abfb87ef802d1c4b5dd56db64ac8b4a7823ef0
  AWSSNS: 03abd24627eb8e1b09aa2827c1228b4ffc6a244f

PODFILE CHECKSUM: 7a555316adceae25d9abc632dc1b2bbd480d0318

COCOAPODS: 1.5.3
